
Microsoft Visual Studio Solution File, Format Version 12.00
# Visual Studio Version 16
VisualStudioVersion = 16.0.31129.286
MinimumVisualStudioVersion = 10.0.40219.1
Project("{FAE04EC0-301F-11D3-BF4B-00C04F79EFBC}") = "CsCecilProject", "CsCecilProject\CsCecilProject.csproj", "{560BBDB7-157C-4E1F-A28F-D42C3E43818A}"
EndProject
Global
	GlobalSection(SolutionConfigurationPlatforms) = preSolution
		Debug|Any CPU = Debug|Any CPU
		Release|Any CPU = Release|Any CPU
	EndGlobalSection
	GlobalSection(ProjectConfigurationPlatforms) = postSolution
		{560BBDB7-157C-4E1F-A28F-D42C3E43818A}.Debug|Any CPU.ActiveCfg = Debug|Any CPU
		{560BBDB7-157C-4E1F-A28F-D42C3E43818A}.Debug|Any CPU.Build.0 = Debug|Any CPU
		{560BBDB7-157C-4E1F-A28F-D42C3E43818A}.Release|Any CPU.ActiveCfg = Release|Any CPU
		{560BBDB7-157C-4E1F-A28F-D42C3E43818A}.Release|Any CPU.Build.0 = Release|Any CPU
	EndGlobalSection
	GlobalSection(SolutionProperties) = preSolution
		HideSolutionNode = FALSE
	EndGlobalSection
	GlobalSection(ExtensibilityGlobals) = postSolution
		SolutionGuid = {A2AEB52B-9B7D-4AF2-9E27-2DCA6BFECAB6}
	EndGlobalSection
EndGlobal
